
Microsoft Visual Studio Solution File, Format Version 12.00
# Visual Studio 15
VisualStudioVersion = 15.0.27130.2003
MinimumVisualStudioVersion = 10.0.40219.1
Project("{FAE04EC0-301F-11D3-BF4B-00C04F79EFBC}") = "ServiceApp", "ServiceApp\ServiceApp.csproj", "{0C35F26E-3D01-42B0-872A-73AD4CAAA6E1}"
EndProject
Project("{FAE04EC0-301F-11D3-BF4B-00C04F79EFBC}") = "App", "App\App.csproj", "{DCD4D38A-8E26-42EC-B7F5-01BE093A26BC}"
	ProjectSection(ProjectDependencies) = postProject
		{0C35F26E-3D01-42B0-872A-73AD4CAAA6E1} = {0C35F26E-3D01-42B0-872A-73AD4CAAA6E1}
	EndProjectSection
EndProject
Global
	GlobalSection(SolutionConfigurationPlatforms) = preSolution
		Debug|Any CPU = Debug|Any CPU
		Release|Any CPU = Release|Any CPU
	EndGlobalSection
	GlobalSection(ProjectConfigurationPlatforms) = postSolution
		{0C35F26E-3D01-42B0-872A-73AD4CAAA6E1}.Debug|Any CPU.ActiveCfg = Debug|Any CPU
		{0C35F26E-3D01-42B0-872A-73AD4CAAA6E1}.Debug|Any CPU.Build.0 = Debug|Any CPU
		{0C35F26E-3D01-42B0-872A-73AD4CAAA6E1}.Release|Any CPU.ActiveCfg = Release|Any CPU
		{0C35F26E-3D01-42B0-872A-73AD4CAAA6E1}.Release|Any CPU.Build.0 = Release|Any CPU
		{DCD4D38A-8E26-42EC-B7F5-01BE093A26BC}.Debug|Any CPU.ActiveCfg = Debug|Any CPU
		{DCD4D38A-8E26-42EC-B7F5-01BE093A26BC}.Debug|Any CPU.Build.0 = Debug|Any CPU
		{DCD4D38A-8E26-42EC-B7F5-01BE093A26BC}.Release|Any CPU.ActiveCfg = Release|Any CPU
		{DCD4D38A-8E26-42EC-B7F5-01BE093A26BC}.Release|Any CPU.Build.0 = Release|Any CPU
	EndGlobalSection
	GlobalSection(SolutionProperties) = preSolution
		HideSolutionNode = FALSE
	EndGlobalSection
	GlobalSection(ExtensibilityGlobals) = postSolution
		SolutionGuid = {E1856312-F690-4A38-97A9-4E5189D60DF4}
	EndGlobalSection
EndGlobal
